github.com/heinrichreimer/hugo-audio v0.0.0-20240306054620-657239864460 h1:C+TFMNiqEbjIdpZImF0t0KiALEb0+I1ck4zcPL/ffwI=
github.com/heinrichreimer/hugo-audio v0.0.0-20240306054620-657239864460/go.mod h1:qKLnH+/pVDRP1gX8Jl5Mz2usxKd1zEjd+PnMICRqnk0=
github.com/martignoni/hugo-video v0.0.0-20230930085101-1b6b30e17ab1 h1:NoMnv+rXlzyYX650LNyZOUXKVDDnGgl/Reh8qnkDkxs=
github.com/martignoni/hugo-video v0.0.0-20230930085101-1b6b30e17ab1/go.mod h1:6znBMZPHUeexE9mrmkJOV68XegajtAmiA/dADXCRRt4=
