# THIS IS AN AUTOGENERATED FILE. DO NOT EDIT THIS FILE DIRECTLY.
# yarn lockfile v1


glightbox@^2.0.4:
  version "2.0.4"
  resolved "https://registry.yarnpkg.com/glightbox/-/glightbox-2.0.4.tgz#46ad81beacd5ba3d230815a2d5d0fae50f12f75a"
  integrity sha512-cL62Dw5AT0zZbda/Ig/gh6T38F+IgCJwGojeMbw5OYX9LK0z70iBlcBfg0jgKX+x61jLiCHBGBbIRe3pXuvGaQ==

normalize-scss@^7.0.1:
  version "7.0.1"
  resolved "https://registry.yarnpkg.com/normalize-scss/-/normalize-scss-7.0.1.tgz#74485e82bb5d0526371136422a09fdb868ffc1a4"
  integrity sha512-qj16bWnYs+9/ac29IgGjySg4R5qQTp1lXfm7ApFOZNVBYFY8RZ3f8+XQNDDLHeDtI3Ba7Jj4+LuPgz9v/fne2A==
